{
  "object": {
    "pins": [
      {
        "package": "KeychainSwift",
        "repositoryURL": "https://github.com/evgenyneu/keychain-swift.git",
        "state": {
          "branch": null,
          "revision": "96fb84f45a96630e7583903bd7e08cf095c7a7ef",
          "version": "19.0.0"
        }
      },
      {
        "package": "SDKLib",
        "repositoryURL": "https://github.com/LLTemp/SPMLib",
        "state": {
          "branch": null,
          "revision": "e7915b9135a0f2fb4d860d5443db13f60b0d82fe",
          "version": "1.0.12"
        }
      }
    ]
  },
  "version": 1
}
