PODS:
  - KeychainSwift (19.0.0)
  - UnitTestWithPod (1.0.52):
    - KeychainSwift (~> 19.0)

DEPENDENCIES:
  - UnitTestWithPod (from `../UnitTestWithPod`)

SPEC REPOS:
  trunk:
    - KeychainSwift

EXTERNAL SOURCES:
  UnitTestWithPod:
    :path: "../UnitTestWithPod"

SPEC CHECKSUMS:
  KeychainSwift: a06190cf933ad46b1e0abc3d77d29c06331715c7
  UnitTestWithPod: cbd1b0128fef869ecb3ca48f2021c9aecba6acb9

PODFILE CHECKSUM: 58c1a261695c9fc2b2e514671def35cdcb0bf68f

COCOAPODS: 1.10.0
