PODS:
  - KeychainSwift (19.0.0)
  - UnitTestWithPod (1.0.98):
    - KeychainSwift (~> 19.0)

DEPENDENCIES:
  - UnitTestWithPod (from `https://raw.githubusercontent.com/LLTemp/test_sic_zip/main/UnitTestWithPod.podspec`)

SPEC REPOS:
  trunk:
    - KeychainSwift

EXTERNAL SOURCES:
  UnitTestWithPod:
    :podspec: https://raw.githubusercontent.com/LLTemp/test_sic_zip/main/UnitTestWithPod.podspec

SPEC CHECKSUMS:
  KeychainSwift: a06190cf933ad46b1e0abc3d77d29c06331715c7
  UnitTestWithPod: 25f36b78ae1a2ca02f5b8fb05f83fa415ef48d88

PODFILE CHECKSUM: 504dd8d9881b46f7e8796c69075b6b1435c24b90

COCOAPODS: 1.10.0
