// !$*UTF8*$!
{
	archiveVersion = 1;
	classes = {
	};
	objectVersion = 52;
	objects = {

/* Begin PBXBuildFile section */
		40E8D49625E95AB500B6CA2A /* SDKLib in Frameworks */ = {isa = PBXBuildFile; productRef = 40E8D49525E95AB500B6CA2A /* SDKLib */; };
		518B761121A44EF2986B6FEA /* Pods_UnitTestWithPodAPP.framework in Frameworks */ = {isa = PBXBuildFile; fileRef = A5B71A10FDF0A4E1F6584DE5 /* Pods_UnitTestWithPodAPP.framework */; };
		A54659FB25666749003FA51D /* AppDelegate.swift in Sources */ = {isa = PBXBuildFile; fileRef = A54659FA25666749003FA51D /* AppDelegate.swift */; };
		A54659FD25666749003FA51D /* SceneDelegate.swift in Sources */ = {isa = PBXBuildFile; fileRef = A54659FC25666749003FA51D /* SceneDelegate.swift */; };
		A54659FF25666749003FA51D /* ViewController.swift in Sources */ = {isa = PBXBuildFile; fileRef = A54659FE25666749003FA51D /* ViewController.swift */; };
		A5465A0225666749003FA51D /* Main.storyboard in Resources */ = {isa = PBXBuildFile; fileRef = A5465A0025666749003FA51D /* Main.storyboard */; };
		A5465A042566674A003FA51D /* Assets.xcassets in Resources */ = {isa = PBXBuildFile; fileRef = A5465A032566674A003FA51D /* Assets.xcassets */; };
		A5465A072566674A003FA51D /* LaunchScreen.storyboard in Resources */ = {isa = PBXBuildFile; fileRef = A5465A052566674A003FA51D /* LaunchScreen.storyboard */; };
		A555D9382578D6170019E1AE /* UnitTestWithPodAPPTests.swift in Sources */ = {isa = PBXBuildFile; fileRef = A555D9372578D6170019E1AE /* UnitTestWithPodAPPTests.swift */; };
		A555DAB3257E214B0019E1AE /* exportOptions.plist in Resources */ = {isa = PBXBuildFile; fileRef = A555DAB2257E214B0019E1AE /* exportOptions.plist */; };
		A58DC7CC2583D48300E4A6EF /* GoogleService-Info.plist in Resources */ = {isa = PBXBuildFile; fileRef = A58DC7CB2583D48300E4A6EF /* GoogleService-Info.plist */; };
		CA01F265E0DD3F4032478DF8 /* sign_and_upload.sh in Resources */ = {isa = PBXBuildFile; fileRef = CA01F5AE66B7FA2EC9D2ADAC /* sign_and_upload.sh */; };
/* End PBXBuildFile section */

/* Begin PBXContainerItemProxy section */
		A555D93A2578D6170019E1AE /* PBXContainerItemProxy */ = {
			isa = PBXContainerItemProxy;
			containerPortal = A54659EF25666749003FA51D /* Project object */;
			proxyType = 1;
			remoteGlobalIDString = A54659F625666749003FA51D;
			remoteInfo = UnitTestWithPodAPP;
		};
/* End PBXContainerItemProxy section */

/* Begin PBXFileReference section */
		40AB3E9A25E7FEC30044B434 /* UnitTestWithPod.xcframework */ = {isa = PBXFileReference; lastKnownFileType = wrapper.xcframework; name = UnitTestWithPod.xcframework; path = ../UnitTestWithPod/build/UnitTestWithPod.xcframework; sourceTree = "<group>"; };
		594FD60AB1E55A8004D5BE3E /* Pods-UnitTestWithPodAPP.release.xcconfig */ = {isa = PBXFileReference; includeInIndex = 1; lastKnownFileType = text.xcconfig; name = "Pods-UnitTestWithPodAPP.release.xcconfig"; path = "Target Support Files/Pods-UnitTestWithPodAPP/Pods-UnitTestWithPodAPP.release.xcconfig"; sourceTree = "<group>"; };
		A54659F725666749003FA51D /* UnitTestWithPodAPP.app */ = {isa = PBXFileReference; explicitFileType = wrapper.application; includeInIndex = 0; path = UnitTestWithPodAPP.app; sourceTree = BUILT_PRODUCTS_DIR; };
		A54659FA25666749003FA51D /* AppDelegate.swift */ = {isa = PBXFileReference; lastKnownFileType = sourcecode.swift; path = AppDelegate.swift; sourceTree = "<group>"; };
		A54659FC25666749003FA51D /* SceneDelegate.swift */ = {isa = PBXFileReference; lastKnownFileType = sourcecode.swift; path = SceneDelegate.swift; sourceTree = "<group>"; };
		A54659FE25666749003FA51D /* ViewController.swift */ = {isa = PBXFileReference; lastKnownFileType = sourcecode.swift; path = ViewController.swift; sourceTree = "<group>"; };
		A5465A0125666749003FA51D /* Base */ = {isa = PBXFileReference; lastKnownFileType = file.storyboard; name = Base; path = Base.lproj/Main.storyboard; sourceTree = "<group>"; };
		A5465A032566674A003FA51D /* Assets.xcassets */ = {isa = PBXFileReference; lastKnownFileType = folder.assetcatalog; path = Assets.xcassets; sourceTree = "<group>"; };
		A5465A062566674A003FA51D /* Base */ = {isa = PBXFileReference; lastKnownFileType = file.storyboard; name = Base; path = Base.lproj/LaunchScreen.storyboard; sourceTree = "<group>"; };
		A5465A082566674A003FA51D /* Info.plist */ = {isa = PBXFileReference; lastKnownFileType = text.plist.xml; path = Info.plist; sourceTree = "<group>"; };
		A555D9352578D6170019E1AE /* UnitTestWithPodAPPTests.xctest */ = {isa = PBXFileReference; explicitFileType = wrapper.cfbundle; includeInIndex = 0; path = UnitTestWithPodAPPTests.xctest; sourceTree = BUILT_PRODUCTS_DIR; };
		A555D9372578D6170019E1AE /* UnitTestWithPodAPPTests.swift */ = {isa = PBXFileReference; lastKnownFileType = sourcecode.swift; path = UnitTestWithPodAPPTests.swift; sourceTree = "<group>"; };
		A555D9392578D6170019E1AE /* Info.plist */ = {isa = PBXFileReference; lastKnownFileType = text.plist.xml; path = Info.plist; sourceTree = "<group>"; };
		A555DAB2257E214B0019E1AE /* exportOptions.plist */ = {isa = PBXFileReference; lastKnownFileType = text.plist.xml; name = exportOptions.plist; path = scripts/exportOptions.plist; sourceTree = "<group>"; };
		A58DC7A72583688A00E4A6EF /* UnitTestWithPodAPP.entitlements */ = {isa = PBXFileReference; lastKnownFileType = text.plist.entitlements; path = UnitTestWithPodAPP.entitlements; sourceTree = "<group>"; };
		A58DC7CB2583D48300E4A6EF /* GoogleService-Info.plist */ = {isa = PBXFileReference; fileEncoding = 4; lastKnownFileType = text.plist.xml; path = "GoogleService-Info.plist"; sourceTree = "<group>"; };
		A5B71A10FDF0A4E1F6584DE5 /* Pods_UnitTestWithPodAPP.framework */ = {isa = PBXFileReference; explicitFileType = wrapper.framework; includeInIndex = 0; path = Pods_UnitTestWithPodAPP.framework; sourceTree = BUILT_PRODUCTS_DIR; };
		B8C530C8A1E8F3E688AA9868 /* Pods-UnitTestWithPodAPP.debug.xcconfig */ = {isa = PBXFileReference; includeInIndex = 1; lastKnownFileType = text.xcconfig; name = "Pods-UnitTestWithPodAPP.debug.xcconfig"; path = "Target Support Files/Pods-UnitTestWithPodAPP/Pods-UnitTestWithPodAPP.debug.xcconfig"; sourceTree = "<group>"; };
		CA01F5AE66B7FA2EC9D2ADAC /* sign_and_upload.sh */ = {isa = PBXFileReference; fileEncoding = 4; lastKnownFileType = text.script.sh; name = sign_and_upload.sh; path = scripts/sign_and_upload.sh; sourceTree = "<group>"; };
		CA01FEB79D6BC49F8CB2A1EF /* exportOptions.plist */ = {isa = PBXFileReference; fileEncoding = 4; lastKnownFileType = text.plist; name = exportOptions.plist; path = UnitTestWithPodAPP/exportOptions.plist; sourceTree = "<group>"; };
/* End PBXFileReference section */

/* Begin PBXFrameworksBuildPhase section */
		A54659F425666749003FA51D /* Frameworks */ = {
			isa = PBXFrameworksBuildPhase;
			buildActionMask = 2147483647;
			files = (
				518B761121A44EF2986B6FEA /* Pods_UnitTestWithPodAPP.framework in Frameworks */,
				40E8D49625E95AB500B6CA2A /* SDKLib in Frameworks */,
			);
			runOnlyForDeploymentPostprocessing = 0;
		};
		A555D9322578D6170019E1AE /* Frameworks */ = {
			isa = PBXFrameworksBuildPhase;
			buildActionMask = 2147483647;
			files = (
			);
			runOnlyForDeploymentPostprocessing = 0;
		};
/* End PBXFrameworksBuildPhase section */

/* Begin PBXGroup section */
		019D6D97C3997A03F3A00616 /* Frameworks */ = {
			isa = PBXGroup;
			children = (
				40AB3E9A25E7FEC30044B434 /* UnitTestWithPod.xcframework */,
				CA01FEB79D6BC49F8CB2A1EF /* exportOptions.plist */,
				A5B71A10FDF0A4E1F6584DE5 /* Pods_UnitTestWithPodAPP.framework */,
			);
			name = Frameworks;
			sourceTree = "<group>";
		};
		A54659EE25666749003FA51D = {
			isa = PBXGroup;
			children = (
				A555DAB2257E214B0019E1AE /* exportOptions.plist */,
				A54659F925666749003FA51D /* UnitTestWithPodAPP */,
				A555D9362578D6170019E1AE /* UnitTestWithPodAPPTests */,
				A54659F825666749003FA51D /* Products */,
				FF05274D34EDA96F13738D9C /* Pods */,
				019D6D97C3997A03F3A00616 /* Frameworks */,
				CA01F5AE66B7FA2EC9D2ADAC /* sign_and_upload.sh */,
			);
			sourceTree = "<group>";
		};
		A54659F825666749003FA51D /* Products */ = {
			isa = PBXGroup;
			children = (
				A54659F725666749003FA51D /* UnitTestWithPodAPP.app */,
				A555D9352578D6170019E1AE /* UnitTestWithPodAPPTests.xctest */,
			);
			name = Products;
			sourceTree = "<group>";
		};
		A54659F925666749003FA51D /* UnitTestWithPodAPP */ = {
			isa = PBXGroup;
			children = (
				A58DC7CB2583D48300E4A6EF /* GoogleService-Info.plist */,
				A58DC7A72583688A00E4A6EF /* UnitTestWithPodAPP.entitlements */,
				A54659FA25666749003FA51D /* AppDelegate.swift */,
				A54659FC25666749003FA51D /* SceneDelegate.swift */,
				A54659FE25666749003FA51D /* ViewController.swift */,
				A5465A0025666749003FA51D /* Main.storyboard */,
				A5465A032566674A003FA51D /* Assets.xcassets */,
				A5465A052566674A003FA51D /* LaunchScreen.storyboard */,
				A5465A082566674A003FA51D /* Info.plist */,
			);
			path = UnitTestWithPodAPP;
			sourceTree = "<group>";
		};
		A555D9362578D6170019E1AE /* UnitTestWithPodAPPTests */ = {
			isa = PBXGroup;
			children = (
				A555D9372578D6170019E1AE /* UnitTestWithPodAPPTests.swift */,
				A555D9392578D6170019E1AE /* Info.plist */,
			);
			path = UnitTestWithPodAPPTests;
			sourceTree = "<group>";
		};
		FF05274D34EDA96F13738D9C /* Pods */ = {
			isa = PBXGroup;
			children = (
				B8C530C8A1E8F3E688AA9868 /* Pods-UnitTestWithPodAPP.debug.xcconfig */,
				594FD60AB1E55A8004D5BE3E /* Pods-UnitTestWithPodAPP.release.xcconfig */,
			);
			path = Pods;
			sourceTree = "<group>";
		};
/* End PBXGroup section */

/* Begin PBXNativeTarget section */
		A54659F625666749003FA51D /* UnitTestWithPodAPP */ = {
			isa = PBXNativeTarget;
			buildConfigurationList = A5465A0B2566674A003FA51D /* Build configuration list for PBXNativeTarget "UnitTestWithPodAPP" */;
			buildPhases = (
				CB8C003909C5F331C11A9A80 /* [CP] Check Pods Manifest.lock */,
				A555DACD257F80450019E1AE /* Version count */,
				A54659F325666749003FA51D /* Sources */,
				A54659F425666749003FA51D /* Frameworks */,
				A54659F525666749003FA51D /* Resources */,
				B187291DE6166AF0B6F61F1E /* [CP] Embed Pods Frameworks */,
			);
			buildRules = (
			);
			dependencies = (
			);
			name = UnitTestWithPodAPP;
			packageProductDependencies = (
				40E8D49525E95AB500B6CA2A /* SDKLib */,
			);
			productName = UnitTestWithPodAPP;
			productReference = A54659F725666749003FA51D /* UnitTestWithPodAPP.app */;
			productType = "com.apple.product-type.application";
		};
		A555D9342578D6170019E1AE /* UnitTestWithPodAPPTests */ = {
			isa = PBXNativeTarget;
			buildConfigurationList = A555D93E2578D6170019E1AE /* Build configuration list for PBXNativeTarget "UnitTestWithPodAPPTests" */;
			buildPhases = (
				A555D9312578D6170019E1AE /* Sources */,
				A555D9322578D6170019E1AE /* Frameworks */,
				A555D9332578D6170019E1AE /* Resources */,
			);
			buildRules = (
			);
			dependencies = (
				A555D93B2578D6170019E1AE /* PBXTargetDependency */,
			);
			name = UnitTestWithPodAPPTests;
			productName = UnitTestWithPodAPPTests;
			productReference = A555D9352578D6170019E1AE /* UnitTestWithPodAPPTests.xctest */;
			productType = "com.apple.product-type.bundle.unit-test";
		};
/* End PBXNativeTarget section */

/* Begin PBXProject section */
		A54659EF25666749003FA51D /* Project object */ = {
			isa = PBXProject;
			attributes = {
				LastSwiftUpdateCheck = 1220;
				LastUpgradeCheck = 1200;
				TargetAttributes = {
					A54659F625666749003FA51D = {
						CreatedOnToolsVersion = 12.0;
					};
					A555D9342578D6170019E1AE = {
						CreatedOnToolsVersion = 12.2;
						TestTargetID = A54659F625666749003FA51D;
					};
				};
			};
			buildConfigurationList = A54659F225666749003FA51D /* Build configuration list for PBXProject "UnitTestWithPodAPP" */;
			compatibilityVersion = "Xcode 9.3";
			developmentRegion = en;
			hasScannedForEncodings = 0;
			knownRegions = (
				en,
				Base,
			);
			mainGroup = A54659EE25666749003FA51D;
			packageReferences = (
				40E8D49425E95AB500B6CA2A /* XCRemoteSwiftPackageReference "SPMLib" */,
			);
			productRefGroup = A54659F825666749003FA51D /* Products */;
			projectDirPath = "";
			projectRoot = "";
			targets = (
				A54659F625666749003FA51D /* UnitTestWithPodAPP */,
				A555D9342578D6170019E1AE /* UnitTestWithPodAPPTests */,
			);
		};
/* End PBXProject section */

/* Begin PBXResourcesBuildPhase section */
		A54659F525666749003FA51D /* Resources */ = {
			isa = PBXResourcesBuildPhase;
			buildActionMask = 2147483647;
			files = (
				A555DAB3257E214B0019E1AE /* exportOptions.plist in Resources */,
				A5465A072566674A003FA51D /* LaunchScreen.storyboard in Resources */,
				A5465A042566674A003FA51D /* Assets.xcassets in Resources */,
				A5465A0225666749003FA51D /* Main.storyboard in Resources */,
				CA01F265E0DD3F4032478DF8 /* sign_and_upload.sh in Resources */,
				A58DC7CC2583D48300E4A6EF /* GoogleService-Info.plist in Resources */,
			);
			runOnlyForDeploymentPostprocessing = 0;
		};
		A555D9332578D6170019E1AE /* Resources */ = {
			isa = PBXResourcesBuildPhase;
			buildActionMask = 2147483647;
			files = (
			);
			runOnlyForDeploymentPostprocessing = 0;
		};
/* End PBXResourcesBuildPhase section */

/* Begin PBXShellScriptBuildPhase section */
		A555DACD257F80450019E1AE /* Version count */ = {
			isa = PBXShellScriptBuildPhase;
			buildActionMask = 2147483647;
			files = (
			);
			inputFileListPaths = (
			);
			inputPaths = (
			);
			name = "Version count";
			outputFileListPaths = (
			);
			outputPaths = (
			);
			runOnlyForDeploymentPostprocessing = 0;
			shellPath = /bin/sh;
			shellScript = "# Podspec version\nversion=$(<VERSION)\necho \"Version = $version\"\n/usr/libexec/PlistBuddy -c \"Set :CFBundleShortVersionString $version\" \"${PROJECT_DIR}/UnitTestWithPodAPP/Info.plist\"\n\n\n";
		};
		B187291DE6166AF0B6F61F1E /* [CP] Embed Pods Frameworks */ = {
			isa = PBXShellScriptBuildPhase;
			buildActionMask = 2147483647;
			files = (
			);
			inputFileListPaths = (
				"${PODS_ROOT}/Target Support Files/Pods-UnitTestWithPodAPP/Pods-UnitTestWithPodAPP-frameworks-${CONFIGURATION}-input-files.xcfilelist",
			);
			name = "[CP] Embed Pods Frameworks";
			outputFileListPaths = (
				"${PODS_ROOT}/Target Support Files/Pods-UnitTestWithPodAPP/Pods-UnitTestWithPodAPP-frameworks-${CONFIGURATION}-output-files.xcfilelist",
			);
			runOnlyForDeploymentPostprocessing = 0;
			shellPath = /bin/sh;
			shellScript = "\"${PODS_ROOT}/Target Support Files/Pods-UnitTestWithPodAPP/Pods-UnitTestWithPodAPP-frameworks.sh\"\n";
			showEnvVarsInLog = 0;
		};
		CB8C003909C5F331C11A9A80 /* [CP] Check Pods Manifest.lock */ = {
			isa = PBXShellScriptBuildPhase;
			buildActionMask = 2147483647;
			files = (
			);
			inputFileListPaths = (
			);
			inputPaths = (
				"${PODS_PODFILE_DIR_PATH}/Podfile.lock",
				"${PODS_ROOT}/Manifest.lock",
			);
			name = "[CP] Check Pods Manifest.lock";
			outputFileListPaths = (
			);
			outputPaths = (
				"$(DERIVED_FILE_DIR)/Pods-UnitTestWithPodAPP-checkManifestLockResult.txt",
			);
			runOnlyForDeploymentPostprocessing = 0;
			shellPath = /bin/sh;
			shellScript = "diff \"${PODS_PODFILE_DIR_PATH}/Podfile.lock\" \"${PODS_ROOT}/Manifest.lock\" > /dev/null\nif [ $? != 0 ] ; then\n    # print error to STDERR\n    echo \"error: The sandbox is not in sync with the Podfile.lock. Run 'pod install' or update your CocoaPods installation.\" >&2\n    exit 1\nfi\n# This output is used by Xcode 'outputs' to avoid re-running this script phase.\necho \"SUCCESS\" > \"${SCRIPT_OUTPUT_FILE_0}\"\n";
			showEnvVarsInLog = 0;
		};
/* End PBXShellScriptBuildPhase section */

/* Begin PBXSourcesBuildPhase section */
		A54659F325666749003FA51D /* Sources */ = {
			isa = PBXSourcesBuildPhase;
			buildActionMask = 2147483647;
			files = (
				A54659FF25666749003FA51D /* ViewController.swift in Sources */,
				A54659FB25666749003FA51D /* AppDelegate.swift in Sources */,
				A54659FD25666749003FA51D /* SceneDelegate.swift in Sources */,
			);
			runOnlyForDeploymentPostprocessing = 0;
		};
		A555D9312578D6170019E1AE /* Sources */ = {
			isa = PBXSourcesBuildPhase;
			buildActionMask = 2147483647;
			files = (
				A555D9382578D6170019E1AE /* UnitTestWithPodAPPTests.swift in Sources */,
			);
			runOnlyForDeploymentPostprocessing = 0;
		};
/* End PBXSourcesBuildPhase section */

/* Begin PBXTargetDependency section */
		A555D93B2578D6170019E1AE /* PBXTargetDependency */ = {
			isa = PBXTargetDependency;
			target = A54659F625666749003FA51D /* UnitTestWithPodAPP */;
			targetProxy = A555D93A2578D6170019E1AE /* PBXContainerItemProxy */;
		};
/* End PBXTargetDependency section */

/* Begin PBXVariantGroup section */
		A5465A0025666749003FA51D /* Main.storyboard */ = {
			isa = PBXVariantGroup;
			children = (
				A5465A0125666749003FA51D /* Base */,
			);
			name = Main.storyboard;
			sourceTree = "<group>";
		};
		A5465A052566674A003FA51D /* LaunchScreen.storyboard */ = {
			isa = PBXVariantGroup;
			children = (
				A5465A062566674A003FA51D /* Base */,
			);
			name = LaunchScreen.storyboard;
			sourceTree = "<group>";
		};
/* End PBXVariantGroup section */

/* Begin XCBuildConfiguration section */
		A5465A092566674A003FA51D /* Debug */ = {
			isa = XCBuildConfiguration;
			buildSettings = {
				ALWAYS_SEARCH_USER_PATHS = NO;
				CLANG_ANALYZER_NONNULL = YES;
				CLANG_ANALYZER_NUMBER_OBJECT_CONVERSION = YES_AGGRESSIVE;
				CLANG_CXX_LANGUAGE_STANDARD = "gnu++14";
				CLANG_CXX_LIBRARY = "libc++";
				CLANG_ENABLE_MODULES = YES;
				CLANG_ENABLE_OBJC_ARC = YES;
				CLANG_ENABLE_OBJC_WEAK = YES;
				CLANG_WARN_BLOCK_CAPTURE_AUTORELEASING = YES;
				CLANG_WARN_BOOL_CONVERSION = YES;
				CLANG_WARN_COMMA = YES;
				CLANG_WARN_CONSTANT_CONVERSION = YES;
				CLANG_WARN_DEPRECATED_OBJC_IMPLEMENTATIONS = YES;
				CLANG_WARN_DIRECT_OBJC_ISA_USAGE = YES_ERROR;
				CLANG_WARN_DOCUMENTATION_COMMENTS = YES;
				CLANG_WARN_EMPTY_BODY = YES;
				CLANG_WARN_ENUM_CONVERSION = YES;
				CLANG_WARN_INFINITE_RECURSION = YES;
				CLANG_WARN_INT_CONVERSION = YES;
				CLANG_WARN_NON_LITERAL_NULL_CONVERSION = YES;
				CLANG_WARN_OBJC_IMPLICIT_RETAIN_SELF = YES;
				CLANG_WARN_OBJC_LITERAL_CONVERSION = YES;
				CLANG_WARN_OBJC_ROOT_CLASS = YES_ERROR;
				CLANG_WARN_QUOTED_INCLUDE_IN_FRAMEWORK_HEADER = YES;
				CLANG_WARN_RANGE_LOOP_ANALYSIS = YES;
				CLANG_WARN_STRICT_PROTOTYPES = YES;
				CLANG_WARN_SUSPICIOUS_MOVE = YES;
				CLANG_WARN_UNGUARDED_AVAILABILITY = YES_AGGRESSIVE;
				CLANG_WARN_UNREACHABLE_CODE = YES;
				CLANG_WARN__DUPLICATE_METHOD_MATCH = YES;
				COPY_PHASE_STRIP = NO;
				DEBUG_INFORMATION_FORMAT = dwarf;
				ENABLE_BITCODE = NO;
				ENABLE_STRICT_OBJC_MSGSEND = YES;
				ENABLE_TESTABILITY = YES;
				GCC_C_LANGUAGE_STANDARD = gnu11;
				GCC_DYNAMIC_NO_PIC = NO;
				GCC_NO_COMMON_BLOCKS = YES;
				GCC_OPTIMIZATION_LEVEL = 0;
				GCC_PREPROCESSOR_DEFINITIONS = (
					"DEBUG=1",
					"$(inherited)",
				);
				GCC_WARN_64_TO_32_BIT_CONVERSION = YES;
				GCC_WARN_ABOUT_RETURN_TYPE = YES_ERROR;
				GCC_WARN_UNDECLARED_SELECTOR = YES;
				GCC_WARN_UNINITIALIZED_AUTOS = YES_AGGRESSIVE;
				GCC_WARN_UNUSED_FUNCTION = YES;
				GCC_WARN_UNUSED_VARIABLE = YES;
				IPHONEOS_DEPLOYMENT_TARGET = 14.0;
				MTL_ENABLE_DEBUG_INFO = INCLUDE_SOURCE;
				MTL_FAST_MATH = YES;
				ONLY_ACTIVE_ARCH = YES;
				OTHER_CFLAGS = "-fembed-bitcode";
				SDKROOT = iphoneos;
				SWIFT_ACTIVE_COMPILATION_CONDITIONS = DEBUG;
				SWIFT_OPTIMIZATION_LEVEL = "-Onone";
			};
			name = Debug;
		};
		A5465A0A2566674A003FA51D /* Release */ = {
			isa = XCBuildConfiguration;
			buildSettings = {
				ALWAYS_SEARCH_USER_PATHS = NO;
				CLANG_ANALYZER_NONNULL = YES;
				CLANG_ANALYZER_NUMBER_OBJECT_CONVERSION = YES_AGGRESSIVE;
				CLANG_CXX_LANGUAGE_STANDARD = "gnu++14";
				CLANG_CXX_LIBRARY = "libc++";
				CLANG_ENABLE_MODULES = YES;
				CLANG_ENABLE_OBJC_ARC = YES;
				CLANG_ENABLE_OBJC_WEAK = YES;
				CLANG_WARN_BLOCK_CAPTURE_AUTORELEASING = YES;
				CLANG_WARN_BOOL_CONVERSION = YES;
				CLANG_WARN_COMMA = YES;
				CLANG_WARN_CONSTANT_CONVERSION = YES;
				CLANG_WARN_DEPRECATED_OBJC_IMPLEMENTATIONS = YES;
				CLANG_WARN_DIRECT_OBJC_ISA_USAGE = YES_ERROR;
				CLANG_WARN_DOCUMENTATION_COMMENTS = YES;
				CLANG_WARN_EMPTY_BODY = YES;
				CLANG_WARN_ENUM_CONVERSION = YES;
				CLANG_WARN_INFINITE_RECURSION = YES;
				CLANG_WARN_INT_CONVERSION = YES;
				CLANG_WARN_NON_LITERAL_NULL_CONVERSION = YES;
				CLANG_WARN_OBJC_IMPLICIT_RETAIN_SELF = YES;
				CLANG_WARN_OBJC_LITERAL_CONVERSION = YES;
				CLANG_WARN_OBJC_ROOT_CLASS = YES_ERROR;
				CLANG_WARN_QUOTED_INCLUDE_IN_FRAMEWORK_HEADER = YES;
				CLANG_WARN_RANGE_LOOP_ANALYSIS = YES;
				CLANG_WARN_STRICT_PROTOTYPES = YES;
				CLANG_WARN_SUSPICIOUS_MOVE = YES;
				CLANG_WARN_UNGUARDED_AVAILABILITY = YES_AGGRESSIVE;
				CLANG_WARN_UNREACHABLE_CODE = YES;
				CLANG_WARN__DUPLICATE_METHOD_MATCH = YES;
				COPY_PHASE_STRIP = NO;
				DEBUG_INFORMATION_FORMAT = "dwarf-with-dsym";
				ENABLE_BITCODE = NO;
				ENABLE_NS_ASSERTIONS = NO;
				ENABLE_STRICT_OBJC_MSGSEND = YES;
				GCC_C_LANGUAGE_STANDARD = gnu11;
				GCC_NO_COMMON_BLOCKS = YES;
				GCC_WARN_64_TO_32_BIT_CONVERSION = YES;
				GCC_WARN_ABOUT_RETURN_TYPE = YES_ERROR;
				GCC_WARN_UNDECLARED_SELECTOR = YES;
				GCC_WARN_UNINITIALIZED_AUTOS = YES_AGGRESSIVE;
				GCC_WARN_UNUSED_FUNCTION = YES;
				GCC_WARN_UNUSED_VARIABLE = YES;
				IPHONEOS_DEPLOYMENT_TARGET = 14.0;
				MTL_ENABLE_DEBUG_INFO = NO;
				MTL_FAST_MATH = YES;
				OTHER_CFLAGS = "-fembed-bitcode";
				SDKROOT = iphoneos;
				SWIFT_COMPILATION_MODE = wholemodule;
				SWIFT_OPTIMIZATION_LEVEL = "-O";
				VALIDATE_PRODUCT = YES;
			};
			name = Release;
		};
		A5465A0C2566674A003FA51D /* Debug */ = {
			isa = XCBuildConfiguration;
			baseConfigurationReference = B8C530C8A1E8F3E688AA9868 /* Pods-UnitTestWithPodAPP.debug.xcconfig */;
			buildSettings = {
				ASSETCATALOG_COMPILER_APPICON_NAME = AppIcon;
				ASSETCATALOG_COMPILER_GLOBAL_ACCENT_COLOR_NAME = AccentColor;
				CODE_SIGN_ENTITLEMENTS = UnitTestWithPodAPP/UnitTestWithPodAPP.entitlements;
				CODE_SIGN_IDENTITY = "Apple Development";
				CODE_SIGN_STYLE = Automatic;
				CURRENT_PROJECT_VERSION = 1.1;
				DEFINES_MODULE = NO;
				DEVELOPMENT_TEAM = RD94NG5452;
				EXCLUDED_ARCHS = "i386 armv7s armv7";
				FRAMEWORK_SEARCH_PATHS = (
					"$(inherited)",
					"\"${PODS_CONFIGURATION_BUILD_DIR}/KeychainSwift\"",
					"\"${PODS_ROOT}/UnitTestWithPod/",
				);
				INFOPLIST_FILE = UnitTestWithPodAPP/Info.plist;
				LD_RUNPATH_SEARCH_PATHS = (
					"$(inherited)",
					"@executable_path/Frameworks",
				);
				LIBRARY_SEARCH_PATHS = "";
				OTHER_CFLAGS = "-fembed-bitcode";
				PRODUCT_BUNDLE_IDENTIFIER = com.ledgerleopard.UnitTestWithPodAPP;
				PRODUCT_NAME = "$(TARGET_NAME)";
				PROVISIONING_PROFILE_SPECIFIER = "";
				SWIFT_VERSION = 5.0;
				TARGETED_DEVICE_FAMILY = "1,2";
			};
			name = Debug;
		};
		A5465A0D2566674A003FA51D /* Release */ = {
			isa = XCBuildConfiguration;
			baseConfigurationReference = 594FD60AB1E55A8004D5BE3E /* Pods-UnitTestWithPodAPP.release.xcconfig */;
			buildSettings = {
				ASSETCATALOG_COMPILER_APPICON_NAME = AppIcon;
				ASSETCATALOG_COMPILER_GLOBAL_ACCENT_COLOR_NAME = AccentColor;
				CODE_SIGN_ENTITLEMENTS = UnitTestWithPodAPP/UnitTestWithPodAPP.entitlements;
				CODE_SIGN_IDENTITY = "Apple Development";
				CODE_SIGN_STYLE = Automatic;
				CURRENT_PROJECT_VERSION = 1.1;
				DEFINES_MODULE = NO;
				DEVELOPMENT_TEAM = RD94NG5452;
				EXCLUDED_ARCHS = "i386 armv7s armv7";
				FRAMEWORK_SEARCH_PATHS = (
					"$(inherited)",
					"\"${PODS_CONFIGURATION_BUILD_DIR}/KeychainSwift\"",
					"\"${PODS_ROOT}/UnitTestWithPod/",
				);
				INFOPLIST_FILE = UnitTestWithPodAPP/Info.plist;
				LD_RUNPATH_SEARCH_PATHS = (
					"$(inherited)",
					"@executable_path/Frameworks",
				);
				LIBRARY_SEARCH_PATHS = "";
				ONLY_ACTIVE_ARCH = YES;
				OTHER_CFLAGS = "-fembed-bitcode";
				PRODUCT_BUNDLE_IDENTIFIER = com.ledgerleopard.UnitTestWithPodAPP;
				PRODUCT_NAME = "$(TARGET_NAME)";
				PROVISIONING_PROFILE_SPECIFIER = "";
				SWIFT_VERSION = 5.0;
				TARGETED_DEVICE_FAMILY = "1,2";
			};
			name = Release;
		};
		A555D93C2578D6170019E1AE /* Debug */ = {
			isa = XCBuildConfiguration;
			buildSettings = {
				BUNDLE_LOADER = "$(TEST_HOST)";
				CODE_SIGN_STYLE = Automatic;
				DEVELOPMENT_TEAM = RD94NG5452;
				INFOPLIST_FILE = UnitTestWithPodAPPTests/Info.plist;
				IPHONEOS_DEPLOYMENT_TARGET = 14.2;
				LD_RUNPATH_SEARCH_PATHS = (
					"$(inherited)",
					"@executable_path/Frameworks",
					"@loader_path/Frameworks",
				);
				PRODUCT_BUNDLE_IDENTIFIER = com.ledgerleopard.UnitTestWithPodAPPTests;
				PRODUCT_NAME = "$(TARGET_NAME)";
				SWIFT_VERSION = 5.0;
				TARGETED_DEVICE_FAMILY = "1,2";
				TEST_HOST = "$(BUILT_PRODUCTS_DIR)/UnitTestWithPodAPP.app/UnitTestWithPodAPP";
			};
			name = Debug;
		};
		A555D93D2578D6170019E1AE /* Release */ = {
			isa = XCBuildConfiguration;
			buildSettings = {
				BUNDLE_LOADER = "$(TEST_HOST)";
				CODE_SIGN_STYLE = Automatic;
				DEVELOPMENT_TEAM = RD94NG5452;
				INFOPLIST_FILE = UnitTestWithPodAPPTests/Info.plist;
				IPHONEOS_DEPLOYMENT_TARGET = 14.2;
				LD_RUNPATH_SEARCH_PATHS = (
					"$(inherited)",
					"@executable_path/Frameworks",
					"@loader_path/Frameworks",
				);
				PRODUCT_BUNDLE_IDENTIFIER = com.ledgerleopard.UnitTestWithPodAPPTests;
				PRODUCT_NAME = "$(TARGET_NAME)";
				SWIFT_VERSION = 5.0;
				TARGETED_DEVICE_FAMILY = "1,2";
				TEST_HOST = "$(BUILT_PRODUCTS_DIR)/UnitTestWithPodAPP.app/UnitTestWithPodAPP";
			};
			name = Release;
		};
/* End XCBuildConfiguration section */

/* Begin XCConfigurationList section */
		A54659F225666749003FA51D /* Build configuration list for PBXProject "UnitTestWithPodAPP" */ = {
			isa = XCConfigurationList;
			buildConfigurations = (
				A5465A092566674A003FA51D /* Debug */,
				A5465A0A2566674A003FA51D /* Release */,
			);
			defaultConfigurationIsVisible = 0;
			defaultConfigurationName = Release;
		};
		A5465A0B2566674A003FA51D /* Build configuration list for PBXNativeTarget "UnitTestWithPodAPP" */ = {
			isa = XCConfigurationList;
			buildConfigurations = (
				A5465A0C2566674A003FA51D /* Debug */,
				A5465A0D2566674A003FA51D /* Release */,
			);
			defaultConfigurationIsVisible = 0;
			defaultConfigurationName = Release;
		};
		A555D93E2578D6170019E1AE /* Build configuration list for PBXNativeTarget "UnitTestWithPodAPPTests" */ = {
			isa = XCConfigurationList;
			buildConfigurations = (
				A555D93C2578D6170019E1AE /* Debug */,
				A555D93D2578D6170019E1AE /* Release */,
			);
			defaultConfigurationIsVisible = 0;
			defaultConfigurationName = Release;
		};
/* End XCConfigurationList section */

/* Begin XCRemoteSwiftPackageReference section */
		40E8D49425E95AB500B6CA2A /* XCRemoteSwiftPackageReference "SPMLib" */ = {
			isa = XCRemoteSwiftPackageReference;
			repositoryURL = "https://github.com/LLTemp/SPMLib";
			requirement = {
				kind = upToNextMajorVersion;
				minimumVersion = 1.0.0;
			};
		};
/* End XCRemoteSwiftPackageReference section */

/* Begin XCSwiftPackageProductDependency section */
		40E8D49525E95AB500B6CA2A /* SDKLib */ = {
			isa = XCSwiftPackageProductDependency;
			package = 40E8D49425E95AB500B6CA2A /* XCRemoteSwiftPackageReference "SPMLib" */;
			productName = SDKLib;
		};
/* End XCSwiftPackageProductDependency section */
	};
	rootObject = A54659EF25666749003FA51D /* Project object */;
}
