<?xml version="1.0" encoding="UTF-8"?>
<Scheme
   version = "1.3">
   <BuildAction>
      <BuildActionEntries>
         <BuildActionEntry
            buildForRunning = "YES">
            <BuildableReference
               BuildableIdentifier = "primary"
               BlueprintIdentifier = "A54659F625666749003FA51D"
               BuildableName = "UnitTestWithPodAPP.app"
               BlueprintName = "UnitTestWithPodAPP"
               ReferencedContainer = "container:UnitTestWithPodAPP.xcodeproj">
            </BuildableReference>
         </BuildActionEntry>
      </BuildActionEntries>
   </BuildAction>
   <LaunchAction
      useCustomWorkingDirectory = "NO"
      buildConfiguration = "Debug"
      allowLocationSimulation = "YES">
      <BuildableProductRunnable>
         <BuildableReference
            BuildableIdentifier = "primary"
            BlueprintIdentifier = "A54659F625666749003FA51D"
            BuildableName = "UnitTestWithPodAPP.app"
            BlueprintName = "UnitTestWithPodAPP"
            ReferencedContainer = "container:UnitTestWithPodAPP.xcodeproj">
         </BuildableReference>
      </BuildableProductRunnable>
   </LaunchAction>
</Scheme>
